
Microsoft Visual Studio Solution File, Format Version 12.00
# Visual Studio 15
VisualStudioVersion = 15.0.27130.2027
MinimumVisualStudioVersion = 10.0.40219.1
Project("{FAE04EC0-301F-11D3-BF4B-00C04F79EFBC}") = "BeamScan_convertor", "BeamScan_convertor\BeamScan_convertor.csproj", "{8D68559C-1620-441F-B8F9-7A9264E7BD39}"
EndProject
Global
	GlobalSection(SolutionConfigurationPlatforms) = preSolution
		Debug|Any CPU = Debug|Any CPU
		Release|Any CPU = Release|Any CPU
	EndGlobalSection
	GlobalSection(ProjectConfigurationPlatforms) = postSolution
		{8D68559C-1620-441F-B8F9-7A9264E7BD39}.Debug|Any CPU.ActiveCfg = Debug|Any CPU
		{8D68559C-1620-441F-B8F9-7A9264E7BD39}.Debug|Any CPU.Build.0 = Debug|Any CPU
		{8D68559C-1620-441F-B8F9-7A9264E7BD39}.Release|Any CPU.ActiveCfg = Release|Any CPU
		{8D68559C-1620-441F-B8F9-7A9264E7BD39}.Release|Any CPU.Build.0 = Release|Any CPU
	EndGlobalSection
	GlobalSection(SolutionProperties) = preSolution
		HideSolutionNode = FALSE
	EndGlobalSection
	GlobalSection(ExtensibilityGlobals) = postSolution
		SolutionGuid = {DF2867F5-BFF5-4EC1-A9F0-18C855A299A5}
	EndGlobalSection
EndGlobal
